
Microsoft Visual Studio Solution File, Format Version 12.00
# Visual Studio Version 17
VisualStudioVersion = 17.0.31919.166
MinimumVisualStudioVersion = 10.0.40219.1
Project("{9A19103F-16F7-4668-BE54-9A1E7A4F7556}") = "Noticias.Domain", "Noticias.Domain\Noticias.Domain.csproj", "{935DA649-4ED8-4D15-9040-12265A28086F}"
EndProject
Project("{9A19103F-16F7-4668-BE54-9A1E7A4F7556}") = "Noticias.Repo", "Noticias.Repo\Noticias.Repo.csproj", "{A4859BAD-20C4-45F7-B278-718B2C9C1AE7}"
EndProject
Project("{9A19103F-16F7-4668-BE54-9A1E7A4F7556}") = "Noticias.API", "Noticias.API\Noticias.API.csproj", "{F57C4DB4-47A8-4C7F-8811-BE20C5070841}"
EndProject
Project("{9A19103F-16F7-4668-BE54-9A1E7A4F7556}") = "Noticias.Application", "Noticias.Application\Noticias.Application.csproj", "{3E91DE81-6794-4C85-9018-9F5C31269526}"
EndProject
Project("{FAE04EC0-301F-11D3-BF4B-00C04F79EFBC}") = "Noticias.MVC", "Noticia.MVC\Noticias.MVC.csproj", "{99F27D23-0BDB-4ED7-9105-AE6726585BDB}"
EndProject
Global
	GlobalSection(SolutionConfigurationPlatforms) = preSolution
		Debug|Any CPU = Debug|Any CPU
		Release|Any CPU = Release|Any CPU
	EndGlobalSection
	GlobalSection(ProjectConfigurationPlatforms) = postSolution
		{935DA649-4ED8-4D15-9040-12265A28086F}.Debug|Any CPU.ActiveCfg = Debug|Any CPU
		{935DA649-4ED8-4D15-9040-12265A28086F}.Debug|Any CPU.Build.0 = Debug|Any CPU
		{935DA649-4ED8-4D15-9040-12265A28086F}.Release|Any CPU.ActiveCfg = Release|Any CPU
		{935DA649-4ED8-4D15-9040-12265A28086F}.Release|Any CPU.Build.0 = Release|Any CPU
		{A4859BAD-20C4-45F7-B278-718B2C9C1AE7}.Debug|Any CPU.ActiveCfg = Debug|Any CPU
		{A4859BAD-20C4-45F7-B278-718B2C9C1AE7}.Debug|Any CPU.Build.0 = Debug|Any CPU
		{A4859BAD-20C4-45F7-B278-718B2C9C1AE7}.Release|Any CPU.ActiveCfg = Release|Any CPU
		{A4859BAD-20C4-45F7-B278-718B2C9C1AE7}.Release|Any CPU.Build.0 = Release|Any CPU
		{F57C4DB4-47A8-4C7F-8811-BE20C5070841}.Debug|Any CPU.ActiveCfg = Debug|Any CPU
		{F57C4DB4-47A8-4C7F-8811-BE20C5070841}.Debug|Any CPU.Build.0 = Debug|Any CPU
		{F57C4DB4-47A8-4C7F-8811-BE20C5070841}.Release|Any CPU.ActiveCfg = Release|Any CPU
		{F57C4DB4-47A8-4C7F-8811-BE20C5070841}.Release|Any CPU.Build.0 = Release|Any CPU
		{3E91DE81-6794-4C85-9018-9F5C31269526}.Debug|Any CPU.ActiveCfg = Debug|Any CPU
		{3E91DE81-6794-4C85-9018-9F5C31269526}.Debug|Any CPU.Build.0 = Debug|Any CPU
		{3E91DE81-6794-4C85-9018-9F5C31269526}.Release|Any CPU.ActiveCfg = Release|Any CPU
		{3E91DE81-6794-4C85-9018-9F5C31269526}.Release|Any CPU.Build.0 = Release|Any CPU
		{99F27D23-0BDB-4ED7-9105-AE6726585BDB}.Debug|Any CPU.ActiveCfg = Debug|Any CPU
		{99F27D23-0BDB-4ED7-9105-AE6726585BDB}.Debug|Any CPU.Build.0 = Debug|Any CPU
		{99F27D23-0BDB-4ED7-9105-AE6726585BDB}.Release|Any CPU.ActiveCfg = Release|Any CPU
		{99F27D23-0BDB-4ED7-9105-AE6726585BDB}.Release|Any CPU.Build.0 = Release|Any CPU
	EndGlobalSection
	GlobalSection(SolutionProperties) = preSolution
		HideSolutionNode = FALSE
	EndGlobalSection
	GlobalSection(ExtensibilityGlobals) = postSolution
		SolutionGuid = {48F67B99-497A-4EAE-BB64-077E6E277C2C}
	EndGlobalSection
EndGlobal
